
Microsoft Visual Studio Solution File, Format Version 12.00
# Visual Studio Version 17
VisualStudioVersion = 17.3.32901.215
MinimumVisualStudioVersion = 10.0.40219.1
Project("{FAE04EC0-301F-11D3-BF4B-00C04F79EFBC}") = "Hangfire.Api", "Hangfire.Api\Hangfire.Api.csproj", "{F063C335-5B85-4933-BCCF-E26BF35C0443}"
EndProject
Project("{FAE04EC0-301F-11D3-BF4B-00C04F79EFBC}") = "Hangfire.Worker", "Hangfire.Worker\Hangfire.Worker.csproj", "{EEADDE2C-CBC3-4AF6-9CD5-F2CF5BE1ED4B}"
EndProject
Project("{FAE04EC0-301F-11D3-BF4B-00C04F79EFBC}") = "Hangfire.Application", "Hangfire.Application\Hangfire.Application.csproj", "{AE87B7F8-D9DA-47EA-BBF0-7BFA1A47EEA7}"
EndProject
Global
	GlobalSection(SolutionConfigurationPlatforms) = preSolution
		Debug|Any CPU = Debug|Any CPU
		Release|Any CPU = Release|Any CPU
	EndGlobalSection
	GlobalSection(ProjectConfigurationPlatforms) = postSolution
		{F063C335-5B85-4933-BCCF-E26BF35C0443}.Debug|Any CPU.ActiveCfg = Debug|Any CPU
		{F063C335-5B85-4933-BCCF-E26BF35C0443}.Debug|Any CPU.Build.0 = Debug|Any CPU
		{F063C335-5B85-4933-BCCF-E26BF35C0443}.Release|Any CPU.ActiveCfg = Release|Any CPU
		{F063C335-5B85-4933-BCCF-E26BF35C0443}.Release|Any CPU.Build.0 = Release|Any CPU
		{EEADDE2C-CBC3-4AF6-9CD5-F2CF5BE1ED4B}.Debug|Any CPU.ActiveCfg = Debug|Any CPU
		{EEADDE2C-CBC3-4AF6-9CD5-F2CF5BE1ED4B}.Debug|Any CPU.Build.0 = Debug|Any CPU
		{EEADDE2C-CBC3-4AF6-9CD5-F2CF5BE1ED4B}.Release|Any CPU.ActiveCfg = Release|Any CPU
		{EEADDE2C-CBC3-4AF6-9CD5-F2CF5BE1ED4B}.Release|Any CPU.Build.0 = Release|Any CPU
		{AE87B7F8-D9DA-47EA-BBF0-7BFA1A47EEA7}.Debug|Any CPU.ActiveCfg = Debug|Any CPU
		{AE87B7F8-D9DA-47EA-BBF0-7BFA1A47EEA7}.Debug|Any CPU.Build.0 = Debug|Any CPU
		{AE87B7F8-D9DA-47EA-BBF0-7BFA1A47EEA7}.Release|Any CPU.ActiveCfg = Release|Any CPU
		{AE87B7F8-D9DA-47EA-BBF0-7BFA1A47EEA7}.Release|Any CPU.Build.0 = Release|Any CPU
	EndGlobalSection
	GlobalSection(SolutionProperties) = preSolution
		HideSolutionNode = FALSE
	EndGlobalSection
	GlobalSection(ExtensibilityGlobals) = postSolution
		SolutionGuid = {55884689-7435-4515-BE39-5F4570C70850}
	EndGlobalSection
EndGlobal
